// !$*UTF8*$!
{
	archiveVersion = 1;
	classes = {
	};
	objectVersion = 46;
	objects = {

/* Begin PBXBuildFile section */
		5D5F4DC51F60D79900CEC380 /* main.m in Sources */ = {isa = PBXBuildFile; fileRef = 5D5F4DC41F60D79900CEC380 /* main.m */; };
		5D5F4DC81F60D79900CEC380 /* AppDelegate.m in Sources */ = {isa = PBXBuildFile; fileRef = 5D5F4DC71F60D79900CEC380 /* AppDelegate.m */; };
		5D5F4DCB1F60D79900CEC380 /* ViewController.m in Sources */ = {isa = PBXBuildFile; fileRef = 5D5F4DCA1F60D79900CEC380 /* ViewController.m */; };
		5D5F4DCE1F60D79900CEC380 /* Main.storyboard in Resources */ = {isa = PBXBuildFile; fileRef = 5D5F4DCC1F60D79900CEC380 /* Main.storyboard */; };
		5D5F4DD11F60D79900CEC380 /* QRCode.xcdatamodeld in Sources */ = {isa = PBXBuildFile; fileRef = 5D5F4DCF1F60D79900CEC380 /* QRCode.xcdatamodeld */; };
		5D5F4DD31F60D79900CEC380 /* Assets.xcassets in Resources */ = {isa = PBXBuildFile; fileRef = 5D5F4DD21F60D79900CEC380 /* Assets.xcassets */; };
		5D5F4DD61F60D79900CEC380 /* LaunchScreen.storyboard in Resources */ = {isa = PBXBuildFile; fileRef = 5D5F4DD41F60D79900CEC380 /* LaunchScreen.storyboard */; };
		5D5F4DDF1F60D7BF00CEC380 /* QRCodeImage.m in Sources */ = {isa = PBXBuildFile; fileRef = 5D5F4DDE1F60D7BF00CEC380 /* QRCodeImage.m */; };
		5D5F4DE21F6236E200CEC380 /* ColorfulQRCodeView.m in Sources */ = {isa = PBXBuildFile; fileRef = 5D5F4DE11F6236E200CEC380 /* ColorfulQRCodeView.m */; };
		5D5F4DE51F62683200CEC380 /* QRCodeViewController.m in Sources */ = {isa = PBXBuildFile; fileRef = 5D5F4DE41F62683200CEC380 /* QRCodeViewController.m */; };
		5D5F4DE71F627ABE00CEC380 /* IMG_2593.JPG in Resources */ = {isa = PBXBuildFile; fileRef = 5D5F4DE61F627ABE00CEC380 /* IMG_2593.JPG */; };
/* End PBXBuildFile section */

/* Begin PBXFileReference section */
		5D5F4DC01F60D79900CEC380 /* QRCode.app */ = {isa = PBXFileReference; explicitFileType = wrapper.application; includeInIndex = 0; path = QRCode.app; sourceTree = BUILT_PRODUCTS_DIR; };
		5D5F4DC41F60D79900CEC380 /* main.m */ = {isa = PBXFileReference; lastKnownFileType = sourcecode.c.objc; path = main.m; sourceTree = "<group>"; };
		5D5F4DC61F60D79900CEC380 /* AppDelegate.h */ = {isa = PBXFileReference; lastKnownFileType = sourcecode.c.h; path = AppDelegate.h; sourceTree = "<group>"; };
		5D5F4DC71F60D79900CEC380 /* AppDelegate.m */ = {isa = PBXFileReference; lastKnownFileType = sourcecode.c.objc; path = AppDelegate.m; sourceTree = "<group>"; };
		5D5F4DC91F60D79900CEC380 /* ViewController.h */ = {isa = PBXFileReference; lastKnownFileType = sourcecode.c.h; path = ViewController.h; sourceTree = "<group>"; };
		5D5F4DCA1F60D79900CEC380 /* ViewController.m */ = {isa = PBXFileReference; lastKnownFileType = sourcecode.c.objc; path = ViewController.m; sourceTree = "<group>"; };
		5D5F4DCD1F60D79900CEC380 /* Base */ = {isa = PBXFileReference; lastKnownFileType = file.storyboard; name = Base; path = Base.lproj/Main.storyboard; sourceTree = "<group>"; };
		5D5F4DD01F60D79900CEC380 /* QRCode.xcdatamodel */ = {isa = PBXFileReference; lastKnownFileType = wrapper.xcdatamodel; path = QRCode.xcdatamodel; sourceTree = "<group>"; };
		5D5F4DD21F60D79900CEC380 /* Assets.xcassets */ = {isa = PBXFileReference; lastKnownFileType = folder.assetcatalog; path = Assets.xcassets; sourceTree = "<group>"; };
		5D5F4DD51F60D79900CEC380 /* Base */ = {isa = PBXFileReference; lastKnownFileType = file.storyboard; name = Base; path = Base.lproj/LaunchScreen.storyboard; sourceTree = "<group>"; };
		5D5F4DD71F60D79900CEC380 /* Info.plist */ = {isa = PBXFileReference; lastKnownFileType = text.plist.xml; path = Info.plist; sourceTree = "<group>"; };
		5D5F4DDD1F60D7BF00CEC380 /* QRCodeImage.h */ = {isa = PBXFileReference; fileEncoding = 4; lastKnownFileType = sourcecode.c.h; path = QRCodeImage.h; sourceTree = "<group>"; };
		5D5F4DDE1F60D7BF00CEC380 /* QRCodeImage.m */ = {isa = PBXFileReference; fileEncoding = 4; lastKnownFileType = sourcecode.c.objc; path = QRCodeImage.m; sourceTree = "<group>"; };
		5D5F4DE01F6236E200CEC380 /* ColorfulQRCodeView.h */ = {isa = PBXFileReference; fileEncoding = 4; lastKnownFileType = sourcecode.c.h; path = ColorfulQRCodeView.h; sourceTree = "<group>"; };
		5D5F4DE11F6236E200CEC380 /* ColorfulQRCodeView.m */ = {isa = PBXFileReference; fileEncoding = 4; lastKnownFileType = sourcecode.c.objc; path = ColorfulQRCodeView.m; sourceTree = "<group>"; };
		5D5F4DE31F62683200CEC380 /* QRCodeViewController.h */ = {isa = PBXFileReference; fileEncoding = 4; lastKnownFileType = sourcecode.c.h; path = QRCodeViewController.h; sourceTree = "<group>"; };
		5D5F4DE41F62683200CEC380 /* QRCodeViewController.m */ = {isa = PBXFileReference; fileEncoding = 4; lastKnownFileType = sourcecode.c.objc; path = QRCodeViewController.m; sourceTree = "<group>"; };
		5D5F4DE61F627ABE00CEC380 /* IMG_2593.JPG */ = {isa = PBXFileReference; lastKnownFileType = image.jpeg; path = IMG_2593.JPG; sourceTree = "<group>"; };
/* End PBXFileReference section */

/* Begin PBXFrameworksBuildPhase section */
		5D5F4DBD1F60D79900CEC380 /* Frameworks */ = {
			isa = PBXFrameworksBuildPhase;
			buildActionMask = 2147483647;
			files = (
			);
			runOnlyForDeploymentPostprocessing = 0;
		};
/* End PBXFrameworksBuildPhase section */

/* Begin PBXGroup section */
		5D5F4DB71F60D79900CEC380 = {
			isa = PBXGroup;
			children = (
				5D5F4DC21F60D79900CEC380 /* QRCode */,
				5D5F4DC11F60D79900CEC380 /* Products */,
			);
			sourceTree = "<group>";
		};
		5D5F4DC11F60D79900CEC380 /* Products */ = {
			isa = PBXGroup;
			children = (
				5D5F4DC01F60D79900CEC380 /* QRCode.app */,
			);
			name = Products;
			sourceTree = "<group>";
		};
		5D5F4DC21F60D79900CEC380 /* QRCode */ = {
			isa = PBXGroup;
			children = (
				5D5F4DC61F60D79900CEC380 /* AppDelegate.h */,
				5D5F4DC71F60D79900CEC380 /* AppDelegate.m */,
				5D5F4DDD1F60D7BF00CEC380 /* QRCodeImage.h */,
				5D5F4DDE1F60D7BF00CEC380 /* QRCodeImage.m */,
				5D5F4DE01F6236E200CEC380 /* ColorfulQRCodeView.h */,
				5D5F4DE11F6236E200CEC380 /* ColorfulQRCodeView.m */,
				5D5F4DC91F60D79900CEC380 /* ViewController.h */,
				5D5F4DCA1F60D79900CEC380 /* ViewController.m */,
				5D5F4DE31F62683200CEC380 /* QRCodeViewController.h */,
				5D5F4DE41F62683200CEC380 /* QRCodeViewController.m */,
				5D5F4DE61F627ABE00CEC380 /* IMG_2593.JPG */,
				5D5F4DCC1F60D79900CEC380 /* Main.storyboard */,
				5D5F4DD21F60D79900CEC380 /* Assets.xcassets */,
				5D5F4DD41F60D79900CEC380 /* LaunchScreen.storyboard */,
				5D5F4DD71F60D79900CEC380 /* Info.plist */,
				5D5F4DCF1F60D79900CEC380 /* QRCode.xcdatamodeld */,
				5D5F4DC31F60D79900CEC380 /* Supporting Files */,
			);
			path = QRCode;
			sourceTree = "<group>";
		};
		5D5F4DC31F60D79900CEC380 /* Supporting Files */ = {
			isa = PBXGroup;
			children = (
				5D5F4DC41F60D79900CEC380 /* main.m */,
			);
			name = "Supporting Files";
			sourceTree = "<group>";
		};
/* End PBXGroup section */

/* Begin PBXNativeTarget section */
		5D5F4DBF1F60D79900CEC380 /* QRCode */ = {
			isa = PBXNativeTarget;
			buildConfigurationList = 5D5F4DDA1F60D79900CEC380 /* Build configuration list for PBXNativeTarget "QRCode" */;
			buildPhases = (
				5D5F4DBC1F60D79900CEC380 /* Sources */,
				5D5F4DBD1F60D79900CEC380 /* Frameworks */,
				5D5F4DBE1F60D79900CEC380 /* Resources */,
			);
			buildRules = (
			);
			dependencies = (
			);
			name = QRCode;
			productName = QRCode;
			productReference = 5D5F4DC01F60D79900CEC380 /* QRCode.app */;
			productType = "com.apple.product-type.application";
		};
/* End PBXNativeTarget section */

/* Begin PBXProject section */
		5D5F4DB81F60D79900CEC380 /* Project object */ = {
			isa = PBXProject;
			attributes = {
				LastUpgradeCheck = 0830;
				ORGANIZATIONNAME = tong;
				TargetAttributes = {
					5D5F4DBF1F60D79900CEC380 = {
						CreatedOnToolsVersion = 8.3.3;
						DevelopmentTeam = YDJE97CX57;
						ProvisioningStyle = Automatic;
					};
				};
			};
			buildConfigurationList = 5D5F4DBB1F60D79900CEC380 /* Build configuration list for PBXProject "QRCode" */;
			compatibilityVersion = "Xcode 3.2";
			developmentRegion = English;
			hasScannedForEncodings = 0;
			knownRegions = (
				en,
				Base,
			);
			mainGroup = 5D5F4DB71F60D79900CEC380;
			productRefGroup = 5D5F4DC11F60D79900CEC380 /* Products */;
			projectDirPath = "";
			projectRoot = "";
			targets = (
				5D5F4DBF1F60D79900CEC380 /* QRCode */,
			);
		};
/* End PBXProject section */

/* Begin PBXResourcesBuildPhase section */
		5D5F4DBE1F60D79900CEC380 /* Resources */ = {
			isa = PBXResourcesBuildPhase;
			buildActionMask = 2147483647;
			files = (
				5D5F4DD61F60D79900CEC380 /* LaunchScreen.storyboard in Resources */,
				5D5F4DD31F60D79900CEC380 /* Assets.xcassets in Resources */,
				5D5F4DE71F627ABE00CEC380 /* IMG_2593.JPG in Resources */,
				5D5F4DCE1F60D79900CEC380 /* Main.storyboard in Resources */,
			);
			runOnlyForDeploymentPostprocessing = 0;
		};
/* End PBXResourcesBuildPhase section */

/* Begin PBXSourcesBuildPhase section */
		5D5F4DBC1F60D79900CEC380 /* Sources */ = {
			isa = PBXSourcesBuildPhase;
			buildActionMask = 2147483647;
			files = (
				5D5F4DCB1F60D79900CEC380 /* ViewController.m in Sources */,
				5D5F4DD11F60D79900CEC380 /* QRCode.xcdatamodeld in Sources */,
				5D5F4DC81F60D79900CEC380 /* AppDelegate.m in Sources */,
				5D5F4DC51F60D79900CEC380 /* main.m in Sources */,
				5D5F4DE21F6236E200CEC380 /* ColorfulQRCodeView.m in Sources */,
				5D5F4DDF1F60D7BF00CEC380 /* QRCodeImage.m in Sources */,
				5D5F4DE51F62683200CEC380 /* QRCodeViewController.m in Sources */,
			);
			runOnlyForDeploymentPostprocessing = 0;
		};
/* End PBXSourcesBuildPhase section */

/* Begin PBXVariantGroup section */
		5D5F4DCC1F60D79900CEC380 /* Main.storyboard */ = {
			isa = PBXVariantGroup;
			children = (
				5D5F4DCD1F60D79900CEC380 /* Base */,
			);
			name = Main.storyboard;
			sourceTree = "<group>";
		};
		5D5F4DD41F60D79900CEC380 /* LaunchScreen.storyboard */ = {
			isa = PBXVariantGroup;
			children = (
				5D5F4DD51F60D79900CEC380 /* Base */,
			);
			name = LaunchScreen.storyboard;
			sourceTree = "<group>";
		};
/* End PBXVariantGroup section */

/* Begin XCBuildConfiguration section */
		5D5F4DD81F60D79900CEC380 /* Debug */ = {
			isa = XCBuildConfiguration;
			buildSettings = {
				ALWAYS_SEARCH_USER_PATHS = NO;
				CLANG_ANALYZER_NONNULL = YES;
				CLANG_ANALYZER_NUMBER_OBJECT_CONVERSION = YES_AGGRESSIVE;
				CLANG_CXX_LANGUAGE_STANDARD = "gnu++0x";
				CLANG_CXX_LIBRARY = "libc++";
				CLANG_ENABLE_MODULES = YES;
				CLANG_ENABLE_OBJC_ARC = YES;
				CLANG_WARN_BOOL_CONVERSION = YES;
				CLANG_WARN_CONSTANT_CONVERSION = YES;
				CLANG_WARN_DIRECT_OBJC_ISA_USAGE = YES_ERROR;
				CLANG_WARN_DOCUMENTATION_COMMENTS = YES;
				CLANG_WARN_EMPTY_BODY = YES;
				CLANG_WARN_ENUM_CONVERSION = YES;
				CLANG_WARN_INFINITE_RECURSION = YES;
				CLANG_WARN_INT_CONVERSION = YES;
				CLANG_WARN_OBJC_ROOT_CLASS = YES_ERROR;
				CLANG_WARN_SUSPICIOUS_MOVE = YES;
				CLANG_WARN_UNREACHABLE_CODE = YES;
				CLANG_WARN__DUPLICATE_METHOD_MATCH = YES;
				"CODE_SIGN_IDENTITY[sdk=iphoneos*]" = "iPhone Developer";
				COPY_PHASE_STRIP = NO;
				DEBUG_INFORMATION_FORMAT = dwarf;
				ENABLE_STRICT_OBJC_MSGSEND = YES;
				ENABLE_TESTABILITY = YES;
				GCC_C_LANGUAGE_STANDARD = gnu99;
				GCC_DYNAMIC_NO_PIC = NO;
				GCC_NO_COMMON_BLOCKS = YES;
				GCC_OPTIMIZATION_LEVEL = 0;
				GCC_PREPROCESSOR_DEFINITIONS = (
					"DEBUG=1",
					"$(inherited)",
				);
				GCC_WARN_64_TO_32_BIT_CONVERSION = YES;
				GCC_WARN_ABOUT_RETURN_TYPE = YES_ERROR;
				GCC_WARN_UNDECLARED_SELECTOR = YES;
				GCC_WARN_UNINITIALIZED_AUTOS = YES_AGGRESSIVE;
				GCC_WARN_UNUSED_FUNCTION = YES;
				GCC_WARN_UNUSED_VARIABLE = YES;
				IPHONEOS_DEPLOYMENT_TARGET = 10.3;
				MTL_ENABLE_DEBUG_INFO = YES;
				ONLY_ACTIVE_ARCH = YES;
				SDKROOT = iphoneos;
			};
			name = Debug;
		};
		5D5F4DD91F60D79900CEC380 /* Release */ = {
			isa = XCBuildConfiguration;
			buildSettings = {
				ALWAYS_SEARCH_USER_PATHS = NO;
				CLANG_ANALYZER_NONNULL = YES;
				CLANG_ANALYZER_NUMBER_OBJECT_CONVERSION = YES_AGGRESSIVE;
				CLANG_CXX_LANGUAGE_STANDARD = "gnu++0x";
				CLANG_CXX_LIBRARY = "libc++";
				CLANG_ENABLE_MODULES = YES;
				CLANG_ENABLE_OBJC_ARC = YES;
				CLANG_WARN_BOOL_CONVERSION = YES;
				CLANG_WARN_CONSTANT_CONVERSION = YES;
				CLANG_WARN_DIRECT_OBJC_ISA_USAGE = YES_ERROR;
				CLANG_WARN_DOCUMENTATION_COMMENTS = YES;
				CLANG_WARN_EMPTY_BODY = YES;
				CLANG_WARN_ENUM_CONVERSION = YES;
				CLANG_WARN_INFINITE_RECURSION = YES;
				CLANG_WARN_INT_CONVERSION = YES;
				CLANG_WARN_OBJC_ROOT_CLASS = YES_ERROR;
				CLANG_WARN_SUSPICIOUS_MOVE = YES;
				CLANG_WARN_UNREACHABLE_CODE = YES;
				CLANG_WARN__DUPLICATE_METHOD_MATCH = YES;
				"CODE_SIGN_IDENTITY[sdk=iphoneos*]" = "iPhone Developer";
				COPY_PHASE_STRIP = NO;
				DEBUG_INFORMATION_FORMAT = "dwarf-with-dsym";
				ENABLE_NS_ASSERTIONS = NO;
				ENABLE_STRICT_OBJC_MSGSEND = YES;
				GCC_C_LANGUAGE_STANDARD = gnu99;
				GCC_NO_COMMON_BLOCKS = YES;
				GCC_WARN_64_TO_32_BIT_CONVERSION = YES;
				GCC_WARN_ABOUT_RETURN_TYPE = YES_ERROR;
				GCC_WARN_UNDECLARED_SELECTOR = YES;
				GCC_WARN_UNINITIALIZED_AUTOS = YES_AGGRESSIVE;
				GCC_WARN_UNUSED_FUNCTION = YES;
				GCC_WARN_UNUSED_VARIABLE = YES;
				IPHONEOS_DEPLOYMENT_TARGET = 10.3;
				MTL_ENABLE_DEBUG_INFO = NO;
				SDKROOT = iphoneos;
				VALIDATE_PRODUCT = YES;
			};
			name = Release;
		};
		5D5F4DDB1F60D79900CEC380 /* Debug */ = {
			isa = XCBuildConfiguration;
			buildSettings = {
				ASSETCATALOG_COMPILER_APPICON_NAME = AppIcon;
				DEVELOPMENT_TEAM = YDJE97CX57;
				INFOPLIST_FILE = QRCode/Info.plist;
				LD_RUNPATH_SEARCH_PATHS = "$(inherited) @executable_path/Frameworks";
				PRODUCT_BUNDLE_IDENTIFIER = Tong.QRCode;
				PRODUCT_NAME = "$(TARGET_NAME)";
			};
			name = Debug;
		};
		5D5F4DDC1F60D79900CEC380 /* Release */ = {
			isa = XCBuildConfiguration;
			buildSettings = {
				ASSETCATALOG_COMPILER_APPICON_NAME = AppIcon;
				DEVELOPMENT_TEAM = YDJE97CX57;
				INFOPLIST_FILE = QRCode/Info.plist;
				LD_RUNPATH_SEARCH_PATHS = "$(inherited) @executable_path/Frameworks";
				PRODUCT_BUNDLE_IDENTIFIER = Tong.QRCode;
				PRODUCT_NAME = "$(TARGET_NAME)";
			};
			name = Release;
		};
/* End XCBuildConfiguration section */

/* Begin XCConfigurationList section */
		5D5F4DBB1F60D79900CEC380 /* Build configuration list for PBXProject "QRCode" */ = {
			isa = XCConfigurationList;
			buildConfigurations = (
				5D5F4DD81F60D79900CEC380 /* Debug */,
				5D5F4DD91F60D79900CEC380 /* Release */,
			);
			defaultConfigurationIsVisible = 0;
			defaultConfigurationName = Release;
		};
		5D5F4DDA1F60D79900CEC380 /* Build configuration list for PBXNativeTarget "QRCode" */ = {
			isa = XCConfigurationList;
			buildConfigurations = (
				5D5F4DDB1F60D79900CEC380 /* Debug */,
				5D5F4DDC1F60D79900CEC380 /* Release */,
			);
			defaultConfigurationIsVisible = 0;
		};
/* End XCConfigurationList section */

/* Begin XCVersionGroup section */
		5D5F4DCF1F60D79900CEC380 /* QRCode.xcdatamodeld */ = {
			isa = XCVersionGroup;
			children = (
				5D5F4DD01F60D79900CEC380 /* QRCode.xcdatamodel */,
			);
			currentVersion = 5D5F4DD01F60D79900CEC380 /* QRCode.xcdatamodel */;
			path = QRCode.xcdatamodeld;
			sourceTree = "<group>";
			versionGroupType = wrapper.xcdatamodel;
		};
/* End XCVersionGroup section */
	};
	rootObject = 5D5F4DB81F60D79900CEC380 /* Project object */;
}
